
Microsoft Visual Studio Solution File, Format Version 12.00
# Visual Studio Version 17
VisualStudioVersion = 17.9.34728.123
MinimumVisualStudioVersion = 10.0.40219.1
Project("{FAE04EC0-301F-11D3-BF4B-00C04F79EFBC}") = "POO-07", "POO-07\POO-07.csproj", "{51AD8F90-83DF-4A02-9644-8D48B9F23750}"
EndProject
Global
	GlobalSection(SolutionConfigurationPlatforms) = preSolution
		Debug|Any CPU = Debug|Any CPU
		Release|Any CPU = Release|Any CPU
	EndGlobalSection
	GlobalSection(ProjectConfigurationPlatforms) = postSolution
		{51AD8F90-83DF-4A02-9644-8D48B9F23750}.Debug|Any CPU.ActiveCfg = Debug|Any CPU
		{51AD8F90-83DF-4A02-9644-8D48B9F23750}.Debug|Any CPU.Build.0 = Debug|Any CPU
		{51AD8F90-83DF-4A02-9644-8D48B9F23750}.Release|Any CPU.ActiveCfg = Release|Any CPU
		{51AD8F90-83DF-4A02-9644-8D48B9F23750}.Release|Any CPU.Build.0 = Release|Any CPU
	EndGlobalSection
	GlobalSection(SolutionProperties) = preSolution
		HideSolutionNode = FALSE
	EndGlobalSection
	GlobalSection(ExtensibilityGlobals) = postSolution
		SolutionGuid = {8AC63765-5739-418A-8591-DE0975CD0198}
	EndGlobalSection
EndGlobal
