
Microsoft Visual Studio Solution File, Format Version 12.00
# Visual Studio Version 17
VisualStudioVersion = 17.9.34728.123
MinimumVisualStudioVersion = 10.0.40219.1
Project("{FAE04EC0-301F-11D3-BF4B-00C04F79EFBC}") = "POO-04", "POO-04\POO-04.csproj", "{D455AF09-B154-4D9A-A01F-E6F2ED5DFE82}"
EndProject
Global
	GlobalSection(SolutionConfigurationPlatforms) = preSolution
		Debug|Any CPU = Debug|Any CPU
		Release|Any CPU = Release|Any CPU
	EndGlobalSection
	GlobalSection(ProjectConfigurationPlatforms) = postSolution
		{D455AF09-B154-4D9A-A01F-E6F2ED5DFE82}.Debug|Any CPU.ActiveCfg = Debug|Any CPU
		{D455AF09-B154-4D9A-A01F-E6F2ED5DFE82}.Debug|Any CPU.Build.0 = Debug|Any CPU
		{D455AF09-B154-4D9A-A01F-E6F2ED5DFE82}.Release|Any CPU.ActiveCfg = Release|Any CPU
		{D455AF09-B154-4D9A-A01F-E6F2ED5DFE82}.Release|Any CPU.Build.0 = Release|Any CPU
	EndGlobalSection
	GlobalSection(SolutionProperties) = preSolution
		HideSolutionNode = FALSE
	EndGlobalSection
	GlobalSection(ExtensibilityGlobals) = postSolution
		SolutionGuid = {1F12AF84-F70D-4CB0-A130-A5300B10A499}
	EndGlobalSection
EndGlobal
