
Microsoft Visual Studio Solution File, Format Version 12.00
# Visual Studio Version 17
VisualStudioVersion = 17.9.34728.123
MinimumVisualStudioVersion = 10.0.40219.1
Project("{FAE04EC0-301F-11D3-BF4B-00C04F79EFBC}") = "POO-11", "POO-11\POO-11.csproj", "{70EFF0B2-0657-4B42-A80F-75B3C487589C}"
EndProject
Global
	GlobalSection(SolutionConfigurationPlatforms) = preSolution
		Debug|Any CPU = Debug|Any CPU
		Release|Any CPU = Release|Any CPU
	EndGlobalSection
	GlobalSection(ProjectConfigurationPlatforms) = postSolution
		{70EFF0B2-0657-4B42-A80F-75B3C487589C}.Debug|Any CPU.ActiveCfg = Debug|Any CPU
		{70EFF0B2-0657-4B42-A80F-75B3C487589C}.Debug|Any CPU.Build.0 = Debug|Any CPU
		{70EFF0B2-0657-4B42-A80F-75B3C487589C}.Release|Any CPU.ActiveCfg = Release|Any CPU
		{70EFF0B2-0657-4B42-A80F-75B3C487589C}.Release|Any CPU.Build.0 = Release|Any CPU
	EndGlobalSection
	GlobalSection(SolutionProperties) = preSolution
		HideSolutionNode = FALSE
	EndGlobalSection
	GlobalSection(ExtensibilityGlobals) = postSolution
		SolutionGuid = {B618F591-591D-44DD-A6C0-1975D9202984}
	EndGlobalSection
EndGlobal
